<?xml version="1.0" encoding="utf-8"?>
<Project ToolsVersion="4.0" xmlns="http://schemas.microsoft.com/developer/msbuild/2003">
  <ItemGroup>
    <CudaCompile Include="cudacalls.cu">
      <Filter>Source</Filter>
    </CudaCompile>
    <CudaCompile Include="cdevice.cu">
      <Filter>Source</Filter>
    </CudaCompile>
  </ItemGroup>
  <ItemGroup>
    <Filter Include="Source">
      <UniqueIdentifier>{615f3c6b-4313-4ec4-aa21-5a69e943e24d}</UniqueIdentifier>
      <Extensions>
      </Extensions>
    </Filter>
    <Filter Include="Header">
      <UniqueIdentifier>{0ddcbaf9-8719-4829-8109-314a0b491a4c}</UniqueIdentifier>
    </Filter>
    <Filter Include="Resource">
      <UniqueIdentifier>{111a9307-ca48-42a1-ac2b-b6c286e05ec6}</UniqueIdentifier>
      <Extensions>*.xml</Extensions>
    </Filter>
    <Filter Include="Templates">
      <UniqueIdentifier>{4029bbdd-0872-4dde-b799-fbd5d2d2a47b}</UniqueIdentifier>
    </Filter>
  </ItemGroup>
  <ItemGroup>
    <ClCompile Include="ccube.cpp">
      <Filter>Source</Filter>
    </ClCompile>
    <ClCompile Include="cinput.cpp">
      <Filter>Source</Filter>
    </ClCompile>
    <ClCompile Include="cspslice.cpp">
      <Filter>Source</Filter>
    </ClCompile>
    <ClCompile Include="regions.cpp">
      <Filter>Source</Filter>
    </ClCompile>
    <ClCompile Include="getopt.cpp">
      <Filter>Source</Filter>
    </ClCompile>
    <ClCompile Include="cclparser.cpp">
      <Filter>Source</Filter>
    </ClCompile>
    <ClCompile Include="deconvolve.cpp">
      <Filter>Source</Filter>
    </ClCompile>
    <ClCompile Include="cprocess.cpp">
      <Filter>Source</Filter>
    </ClCompile>
    <ClCompile Include="logger.cpp">
      <Filter>Source</Filter>
    </ClCompile>
    <ClCompile Include="errors.cpp">
      <Filter>Source</Filter>
    </ClCompile>
    <ClCompile Include="cmemory.cpp">
      <Filter>Source</Filter>
    </ClCompile>
    <ClCompile Include="cdevice.cuh">
      <Filter>Header</Filter>
    </ClCompile>
  </ItemGroup>
  <ItemGroup>
    <ClInclude Include="ccube.h">
      <Filter>Header</Filter>
    </ClInclude>
    <ClInclude Include="cinput.h">
      <Filter>Header</Filter>
    </ClInclude>
    <ClInclude Include="cspslice.h">
      <Filter>Header</Filter>
    </ClInclude>
    <ClInclude Include="rapidxml.hpp">
      <Filter>Header</Filter>
    </ClInclude>
    <ClInclude Include="rapidxml_iterators.hpp">
      <Filter>Header</Filter>
    </ClInclude>
    <ClInclude Include="rapidxml_print.hpp">
      <Filter>Header</Filter>
    </ClInclude>
    <ClInclude Include="rapidxml_utils.hpp">
      <Filter>Header</Filter>
    </ClInclude>
    <ClInclude Include="regions.h">
      <Filter>Header</Filter>
    </ClInclude>
    <ClInclude Include="getopt.h">
      <Filter>Header</Filter>
    </ClInclude>
    <ClInclude Include="cclparser.h">
      <Filter>Header</Filter>
    </ClInclude>
    <ClInclude Include="cmemory.h">
      <Filter>Header</Filter>
    </ClInclude>
    <ClInclude Include="cprocess.h">
      <Filter>Header</Filter>
    </ClInclude>
    <ClInclude Include="logger.h">
      <Filter>Header</Filter>
    </ClInclude>
    <ClInclude Include="cudacalls.cuh">
      <Filter>Header</Filter>
    </ClInclude>
    <ClInclude Include="banner.h">
      <Filter>Header</Filter>
    </ClInclude>
    <ClInclude Include="resource.h" />
    <ClInclude Include="errors.h">
      <Filter>Header</Filter>
    </ClInclude>
    <ClInclude Include="ccomplex.h">
      <Filter>Header</Filter>
    </ClInclude>
  </ItemGroup>
  <ItemGroup>
    <ResourceCompile Include="sdcuda.rc" />
  </ItemGroup>
  <ItemGroup>
    <Xml Include="config.xml">
      <Filter>Resource</Filter>
    </Xml>
  </ItemGroup>
</Project>